
Microsoft Visual Studio Solution File, Format Version 12.00
# Visual Studio Version 16
VisualStudioVersion = 16.0.30225.117
MinimumVisualStudioVersion = 10.0.40219.1
Project("{FAE04EC0-301F-11D3-BF4B-00C04F79EFBC}") = "BookStore-API", "BookStore-API\BookStore-API.csproj", "{47656E00-45DD-482F-9D93-5323EEB7C7EA}"
EndProject
Global
	GlobalSection(SolutionConfigurationPlatforms) = preSolution
		Debug|Any CPU = Debug|Any CPU
		Release|Any CPU = Release|Any CPU
	EndGlobalSection
	GlobalSection(ProjectConfigurationPlatforms) = postSolution
		{47656E00-45DD-482F-9D93-5323EEB7C7EA}.Debug|Any CPU.ActiveCfg = Debug|Any CPU
		{47656E00-45DD-482F-9D93-5323EEB7C7EA}.Debug|Any CPU.Build.0 = Debug|Any CPU
		{47656E00-45DD-482F-9D93-5323EEB7C7EA}.Release|Any CPU.ActiveCfg = Release|Any CPU
		{47656E00-45DD-482F-9D93-5323EEB7C7EA}.Release|Any CPU.Build.0 = Release|Any CPU
	EndGlobalSection
	GlobalSection(SolutionProperties) = preSolution
		HideSolutionNode = FALSE
	EndGlobalSection
	GlobalSection(ExtensibilityGlobals) = postSolution
		SolutionGuid = {5886C260-9CAC-4F48-AA5B-8EDEEB156CD4}
	EndGlobalSection
EndGlobal
